# This file is automatically @generated by Cargo.
# It is not intended for manual editing.
version = 4

[[package]]
name = "calia"
version = "0.1.0"
dependencies = [
 "calia-macro",
 "calia-postgresql",
 "calia-sqlx",
 "cgp",
]

[[package]]
name = "calia-macro"
version = "0.1.0"
dependencies = [
 "calia-macro-lib",
 "indexmap",
 "itertools",
 "prettyplease",
 "proc-macro2",
 "quote",
 "syn",
]

[[package]]
name = "calia-macro-lib"
version = "0.1.0"
dependencies = [
 "indexmap",
 "itertools",
 "prettyplease",
 "proc-macro2",
 "quote",
 "syn",
]

[[package]]
name = "calia-postgresql"
version = "0.1.0"
dependencies = [
 "calia",
 "cgp",
]

[[package]]
name = "calia-sqlx"
version = "0.1.0"
dependencies = [
 "calia",
 "cgp",
]

[[package]]
name = "cgp"
version = "0.6.0"
source = "registry+https://github.com/rust-lang/crates.io-index"
checksum = "cd912d72a3833dc58872f422dde72cde4e8408f07edecaeb653c3c5b4df1847d"
dependencies = [
 "cgp-core",
 "cgp-extra",
]

[[package]]
name = "cgp-async-macro"
version = "0.6.0"
source = "registry+https://github.com/rust-lang/crates.io-index"
checksum = "95855d971c12a608f23e40b436a9585ddd1d61d84b168844eb0fdd6ca263981b"
dependencies = [
 "proc-macro2",
 "quote",
 "syn",
]

[[package]]
name = "cgp-component"
version = "0.6.0"
source = "registry+https://github.com/rust-lang/crates.io-index"
checksum = "4179fab2e8d18dc550e1ab1b91a1541190408ef19a585e56f163011662aa7e67"

[[package]]
name = "cgp-core"
version = "0.6.0"
source = "registry+https://github.com/rust-lang/crates.io-index"
checksum = "c5a18377000b64b437e80de4d6d31b18bb5fb92f7452f974e266d3b5cb434d5a"
dependencies = [
 "cgp-async-macro",
 "cgp-component",
 "cgp-error",
 "cgp-field",
 "cgp-macro",
 "cgp-type",
]

[[package]]
name = "cgp-dispatch"
version = "0.6.0"
source = "registry+https://github.com/rust-lang/crates.io-index"
checksum = "431aa42d5a271f79cf9c29d7b4567a1d53bf181d7e6ca72291e089988ea561c5"
dependencies = [
 "cgp-core",
 "cgp-handler",
 "cgp-monad",
]

[[package]]
name = "cgp-error"
version = "0.6.0"
source = "registry+https://github.com/rust-lang/crates.io-index"
checksum = "9ca117e034ff06bb5af2dae0b0391060d9c8bfe28785799fce8e15a54ec4a597"
dependencies = [
 "cgp-component",
 "cgp-macro",
 "cgp-type",
]

[[package]]
name = "cgp-error-extra"
version = "0.6.0"
source = "registry+https://github.com/rust-lang/crates.io-index"
checksum = "720bfc4c6852076997c777c12a3dfbeaf8d480a640b5f8e78ee2ec0e9ec3106d"
dependencies = [
 "cgp-core",
]

[[package]]
name = "cgp-extra"
version = "0.6.0"
source = "registry+https://github.com/rust-lang/crates.io-index"
checksum = "2030bc99df33021e9eb83d2a1be1121662dc65e8cf7ad9fad6ab1c873804caaa"
dependencies = [
 "cgp-core",
 "cgp-dispatch",
 "cgp-error-extra",
 "cgp-extra-macro",
 "cgp-field-extra",
 "cgp-handler",
 "cgp-monad",
 "cgp-run",
 "cgp-runtime",
]

[[package]]
name = "cgp-extra-macro"
version = "0.6.0"
source = "registry+https://github.com/rust-lang/crates.io-index"
checksum = "8f5c4996cf3afe6bb8865a94738ffbf6c5b8d082315c613d746b0a7bb4f6a78a"
dependencies = [
 "cgp-extra-macro-lib",
 "syn",
]

[[package]]
name = "cgp-extra-macro-lib"
version = "0.6.0"
source = "registry+https://github.com/rust-lang/crates.io-index"
checksum = "bb164dc7273c89aaff9c8ab8d2ee68a9d38dcf1681f6b3598e228fc892af5551"
dependencies = [
 "proc-macro2",
 "quote",
 "syn",
]

[[package]]
name = "cgp-field"
version = "0.6.0"
source = "registry+https://github.com/rust-lang/crates.io-index"
checksum = "ff9a3ce35f6851ca18c6aa025791a6d42cdb9a90283e4299328b268eb3c5b65b"
dependencies = [
 "cgp-component",
 "cgp-type",
]

[[package]]
name = "cgp-field-extra"
version = "0.6.0"
source = "registry+https://github.com/rust-lang/crates.io-index"
checksum = "8c9ce5f0dcd4d9aaa42b44e8e3c62745cb329dbbabc14372951c41d0380df805"
dependencies = [
 "cgp-field",
]

[[package]]
name = "cgp-handler"
version = "0.6.0"
source = "registry+https://github.com/rust-lang/crates.io-index"
checksum = "784ac68f5d705e81a3298dddacb0c0cedf9f9e3246aebc8d6cf4284c082c8823"
dependencies = [
 "cgp-core",
]

[[package]]
name = "cgp-macro"
version = "0.6.0"
source = "registry+https://github.com/rust-lang/crates.io-index"
checksum = "b121903cbfcd6bbe3c5fcc9540986c91155d75bfc2e161d1d23823858a818482"
dependencies = [
 "cgp-macro-lib",
 "syn",
]

[[package]]
name = "cgp-macro-lib"
version = "0.6.0"
source = "registry+https://github.com/rust-lang/crates.io-index"
checksum = "4e559d6f82b9ac070bbdc498346ad2462f65ec6cb5366e3e136fcc78a287f09a"
dependencies = [
 "itertools",
 "prettyplease",
 "proc-macro2",
 "quote",
 "syn",
]

[[package]]
name = "cgp-monad"
version = "0.6.0"
source = "registry+https://github.com/rust-lang/crates.io-index"
checksum = "7b4f5df5aa43200d7f8ff08552cc4fb7406a84e850946a2809c6ba38deed024b"
dependencies = [
 "cgp-core",
 "cgp-handler",
]

[[package]]
name = "cgp-run"
version = "0.6.0"
source = "registry+https://github.com/rust-lang/crates.io-index"
checksum = "6eadc60981cd1aa6f0ef6af22d0c624733efa67468a6f8785e382c9ccc237b96"
dependencies = [
 "cgp-core",
]

[[package]]
name = "cgp-runtime"
version = "0.6.0"
source = "registry+https://github.com/rust-lang/crates.io-index"
checksum = "dd147d46b480485f929d32015a93a1c707fded85b90b9b471fefa9a18e07b29b"
dependencies = [
 "cgp-core",
]

[[package]]
name = "cgp-type"
version = "0.6.0"
source = "registry+https://github.com/rust-lang/crates.io-index"
checksum = "603c672d346578d88476ba7485567ddb20e1e0f6300777b6d0570d0738ab072a"
dependencies = [
 "cgp-component",
 "cgp-macro",
]

[[package]]
name = "either"
version = "1.15.0"
source = "registry+https://github.com/rust-lang/crates.io-index"
checksum = "48c757948c5ede0e46177b7add2e67155f70e33c07fea8284df6576da70b3719"

[[package]]
name = "equivalent"
version = "1.0.2"
source = "registry+https://github.com/rust-lang/crates.io-index"
checksum = "877a4ace8713b0bcf2a4e7eec82529c029f1d0619886d18145fea96c3ffe5c0f"

[[package]]
name = "hashbrown"
version = "0.15.4"
source = "registry+https://github.com/rust-lang/crates.io-index"
checksum = "5971ac85611da7067dbfcabef3c70ebb5606018acd9e2a3903a0da507521e0d5"

[[package]]
name = "indexmap"
version = "2.9.0"
source = "registry+https://github.com/rust-lang/crates.io-index"
checksum = "cea70ddb795996207ad57735b50c5982d8844f38ba9ee5f1aedcfb708a2aa11e"
dependencies = [
 "equivalent",
 "hashbrown",
]

[[package]]
name = "itertools"
version = "0.14.0"
source = "registry+https://github.com/rust-lang/crates.io-index"
checksum = "2b192c782037fadd9cfa75548310488aabdbf3d2da73885b31bd0abd03351285"
dependencies = [
 "either",
]

[[package]]
name = "prettyplease"
version = "0.2.34"
source = "registry+https://github.com/rust-lang/crates.io-index"
checksum = "6837b9e10d61f45f987d50808f83d1ee3d206c66acf650c3e4ae2e1f6ddedf55"
dependencies = [
 "proc-macro2",
 "syn",
]

[[package]]
name = "proc-macro2"
version = "1.0.95"
source = "registry+https://github.com/rust-lang/crates.io-index"
checksum = "02b3e5e68a3a1a02aad3ec490a98007cbc13c37cbe84a3cd7b8e406d76e7f778"
dependencies = [
 "unicode-ident",
]

[[package]]
name = "quote"
version = "1.0.40"
source = "registry+https://github.com/rust-lang/crates.io-index"
checksum = "1885c039570dc00dcb4ff087a89e185fd56bae234ddc7f056a945bf36467248d"
dependencies = [
 "proc-macro2",
]

[[package]]
name = "syn"
version = "2.0.103"
source = "registry+https://github.com/rust-lang/crates.io-index"
checksum = "e4307e30089d6fd6aff212f2da3a1f9e32f3223b1f010fb09b7c95f90f3ca1e8"
dependencies = [
 "proc-macro2",
 "quote",
 "unicode-ident",
]

[[package]]
name = "unicode-ident"
version = "1.0.18"
source = "registry+https://github.com/rust-lang/crates.io-index"
checksum = "5a5f39404a5da50712a4c1eecf25e90dd62b613502b7e925fd4e4d19b5c96512"
